<?xml version="1.0" encoding="utf-8"?>
<Project ToolsVersion="4.0" xmlns="http://schemas.microsoft.com/developer/msbuild/2003">
  <ItemGroup>
    <Filter Include="Source Files">
      <UniqueIdentifier>{4FC737F1-C7A5-4376-A066-2A32D752A2FF}</UniqueIdentifier>
      <Extensions>cpp;c;cc;cxx;def;odl;idl;hpj;bat;asm;asmx</Extensions>
    </Filter>
    <Filter Include="Header Files">
      <UniqueIdentifier>{93995380-89BD-4b04-88EB-625FBE52EBFB}</UniqueIdentifier>
      <Extensions>h;hh;hpp;hxx;hm;inl;inc;xsd</Extensions>
    </Filter>
    <Filter Include="Resource Files">
      <UniqueIdentifier>{67DA6AB6-F800-4c08-8B7A-83BB121AAD01}</UniqueIdentifier>
      <Extensions>rc;ico;cur;bmp;dlg;rc2;rct;bin;rgs;gif;jpg;jpeg;jpe;resx;tiff;tif;png;wav;mfcribbon-ms</Extensions>
    </Filter>
    <Filter Include="Header Files\RegionFile">
      <UniqueIdentifier>{bf6f45d8-ac03-44df-99e7-f68f072b9550}</UniqueIdentifier>
    </Filter>
    <Filter Include="Header Files\RegionFile\EntityData">
      <UniqueIdentifier>{19122c57-fd21-4c42-b259-9b9d6ffa4ba6}</UniqueIdentifier>
    </Filter>
    <Filter Include="Header Files\RegionFile\EntityData\Buff">
      <UniqueIdentifier>{65a5832a-fc39-4151-a572-d1897afe1d3c}</UniqueIdentifier>
    </Filter>
    <Filter Include="Header Files\RegionFile\EntityData\StatModifier">
      <UniqueIdentifier>{cccb7b48-7b68-40ad-a986-a571d199897d}</UniqueIdentifier>
    </Filter>
    <Filter Include="Header Files\RegionFile\EntityData\BuffTimer">
      <UniqueIdentifier>{e95e5819-59c6-4f9d-8179-305cfc9bbae5}</UniqueIdentifier>
    </Filter>
    <Filter Include="Header Files\RegionFile\EntityData\TileEntity">
      <UniqueIdentifier>{a798b094-6119-4e18-9256-5ac447b02bf3}</UniqueIdentifier>
    </Filter>
    <Filter Include="Header Files\RegionFile\EntityData\TileEntity\TileEntityPowered">
      <UniqueIdentifier>{43eef3a2-ce82-4b75-b4c9-01e159619ff1}</UniqueIdentifier>
    </Filter>
    <Filter Include="Header Files\RegionFile\EntityData\TileEntity\TileEntityLootContainer">
      <UniqueIdentifier>{44d7cfcf-f8d9-4d02-8198-a05290343e88}</UniqueIdentifier>
    </Filter>
    <Filter Include="Header Files\RegionFile\EntityData\TileEntity\TileEntityLootContainer\TileEntitySecure">
      <UniqueIdentifier>{cd8ebe89-a562-44fa-b831-6cd39965b72b}</UniqueIdentifier>
    </Filter>
    <Filter Include="Header Files\RegionFile\EntityData\BufModifier">
      <UniqueIdentifier>{0fe65f9a-05d6-4fc6-843d-adbaabe12d67}</UniqueIdentifier>
    </Filter>
    <Filter Include="Header Files\RegionIO">
      <UniqueIdentifier>{a9925a77-59f8-49b3-be6d-2778f251771c}</UniqueIdentifier>
    </Filter>
    <Filter Include="Source Files\RegionFile">
      <UniqueIdentifier>{e05fa0fe-096a-4499-a610-22ab40eb148c}</UniqueIdentifier>
    </Filter>
    <Filter Include="Source Files\RegionFile\EntityData">
      <UniqueIdentifier>{04316bfe-6008-48d5-88a1-a481ac4595a8}</UniqueIdentifier>
    </Filter>
    <Filter Include="Source Files\RegionFile\EntityData\TileEntity">
      <UniqueIdentifier>{03cea115-1b86-4529-8d5c-fbd1f7619ef7}</UniqueIdentifier>
    </Filter>
    <Filter Include="Source Files\RegionFile\EntityData\TileEntity\TileEntityPowered">
      <UniqueIdentifier>{ff0730de-3e6f-47b1-90b4-2eeb7655f4f7}</UniqueIdentifier>
    </Filter>
    <Filter Include="Source Files\RegionFile\EntityData\TileEntity\TileEntityLootContainer">
      <UniqueIdentifier>{23ab4625-c206-4d23-9fe1-34844553aa90}</UniqueIdentifier>
    </Filter>
    <Filter Include="Source Files\RegionFile\EntityData\TileEntity\TileEntityLootContainer\TileEntitySecure">
      <UniqueIdentifier>{e8c7038a-1cac-4d93-9c5a-b81e7bda8963}</UniqueIdentifier>
    </Filter>
    <Filter Include="Source Files\RegionFile\EntityData\StatModifier">
      <UniqueIdentifier>{2658a1f1-0140-4e46-beab-aa6ac6152b03}</UniqueIdentifier>
    </Filter>
    <Filter Include="Source Files\RegionFile\EntityData\Buff">
      <UniqueIdentifier>{310a86a5-1d64-4cbd-8460-f7bd132da506}</UniqueIdentifier>
    </Filter>
    <Filter Include="Source Files\RegionFile\EntityData\BuffTimer">
      <UniqueIdentifier>{426394fd-47e8-481f-9690-2e5974eae9a1}</UniqueIdentifier>
    </Filter>
    <Filter Include="Source Files\RegionFile\EntityData\BuffModifier">
      <UniqueIdentifier>{ac2b64c6-e37e-405e-8a19-3f67c0b0f4f0}</UniqueIdentifier>
    </Filter>
    <Filter Include="Source Files\RegionIO">
      <UniqueIdentifier>{57b21ed8-38f7-42d2-bc76-7c6d02ce41be}</UniqueIdentifier>
    </Filter>
  </ItemGroup>
  <ItemGroup>
    <ClInclude Include="src\Chunk.h">
      <Filter>Header Files\RegionFile</Filter>
    </ClInclude>
    <ClInclude Include="src\ChunkBlockLayer.h">
      <Filter>Header Files\RegionFile</Filter>
    </ClInclude>
    <ClInclude Include="src\ChunkCustomData.h">
      <Filter>Header Files\RegionFile</Filter>
    </ClInclude>
    <ClInclude Include="src\RegionFile.h">
      <Filter>Header Files\RegionFile</Filter>
    </ClInclude>
    <ClInclude Include="src\BuffModifierSetTickRate.h">
      <Filter>Header Files\RegionFile\EntityData\BufModifier</Filter>
    </ClInclude>
    <ClInclude Include="src\BuffModifier.h">
      <Filter>Header Files\RegionFile\EntityData\BufModifier</Filter>
    </ClInclude>
    <ClInclude Include="src\Buff.h">
      <Filter>Header Files\RegionFile\EntityData\Buff</Filter>
    </ClInclude>
    <ClInclude Include="src\MultiBuff.h">
      <Filter>Header Files\RegionFile\EntityData\Buff</Filter>
    </ClInclude>
    <ClInclude Include="src\BuffTimer.h">
      <Filter>Header Files\RegionFile\EntityData\BuffTimer</Filter>
    </ClInclude>
    <ClInclude Include="src\BuffTimerDuration.h">
      <Filter>Header Files\RegionFile\EntityData\BuffTimer</Filter>
    </ClInclude>
    <ClInclude Include="src\BuffTimerNull.h">
      <Filter>Header Files\RegionFile\EntityData\BuffTimer</Filter>
    </ClInclude>
    <ClInclude Include="src\BuffTimerScheduled.h">
      <Filter>Header Files\RegionFile\EntityData\BuffTimer</Filter>
    </ClInclude>
    <ClInclude Include="src\StatModifier.h">
      <Filter>Header Files\RegionFile\EntityData\StatModifier</Filter>
    </ClInclude>
    <ClInclude Include="src\StatModifierMax.h">
      <Filter>Header Files\RegionFile\EntityData\StatModifier</Filter>
    </ClInclude>
    <ClInclude Include="src\StatModifierModifyValue.h">
      <Filter>Header Files\RegionFile\EntityData\StatModifier</Filter>
    </ClInclude>
    <ClInclude Include="src\StatModifierMulValue.h">
      <Filter>Header Files\RegionFile\EntityData\StatModifier</Filter>
    </ClInclude>
    <ClInclude Include="src\StatModifierSetValue.h">
      <Filter>Header Files\RegionFile\EntityData\StatModifier</Filter>
    </ClInclude>
    <ClInclude Include="src\StatModifierValueOT.h">
      <Filter>Header Files\RegionFile\EntityData\StatModifier</Filter>
    </ClInclude>
    <ClInclude Include="src\TileEntity.h">
      <Filter>Header Files\RegionFile\EntityData\TileEntity</Filter>
    </ClInclude>
    <ClInclude Include="src\TileEntityCampfire.h">
      <Filter>Header Files\RegionFile\EntityData\TileEntity</Filter>
    </ClInclude>
    <ClInclude Include="src\TileEntityForge.h">
      <Filter>Header Files\RegionFile\EntityData\TileEntity</Filter>
    </ClInclude>
    <ClInclude Include="src\TileEntitySign.h">
      <Filter>Header Files\RegionFile\EntityData\TileEntity</Filter>
    </ClInclude>
    <ClInclude Include="src\TileEntityTrader.h">
      <Filter>Header Files\RegionFile\EntityData\TileEntity</Filter>
    </ClInclude>
    <ClInclude Include="src\TileEntityVendingMachine.h">
      <Filter>Header Files\RegionFile\EntityData\TileEntity</Filter>
    </ClInclude>
    <ClInclude Include="src\TileEntityWorkstation.h">
      <Filter>Header Files\RegionFile\EntityData\TileEntity</Filter>
    </ClInclude>
    <ClInclude Include="src\TraderData.h">
      <Filter>Header Files\RegionFile\EntityData\TileEntity</Filter>
    </ClInclude>
    <ClInclude Include="src\BodyDamage.h">
      <Filter>Header Files\RegionFile\EntityData</Filter>
    </ClInclude>
    <ClInclude Include="src\BuffDescriptor.h">
      <Filter>Header Files\RegionFile\EntityData</Filter>
    </ClInclude>
    <ClInclude Include="src\ChunkBlockChannel.h">
      <Filter>Header Files\RegionFile\EntityData</Filter>
    </ClInclude>
    <ClInclude Include="src\Coordinate.h">
      <Filter>Header Files\RegionFile\EntityData</Filter>
    </ClInclude>
    <ClInclude Include="src\EntityCreationData.h">
      <Filter>Header Files\RegionFile\EntityData</Filter>
    </ClInclude>
    <ClInclude Include="src\EntitySpawner.h">
      <Filter>Header Files\RegionFile\EntityData</Filter>
    </ClInclude>
    <ClInclude Include="src\EntityStats.h">
      <Filter>Header Files\RegionFile\EntityData</Filter>
    </ClInclude>
    <ClInclude Include="src\ItemStack.h">
      <Filter>Header Files\RegionFile\EntityData</Filter>
    </ClInclude>
    <ClInclude Include="src\ItemValue.h">
      <Filter>Header Files\RegionFile\EntityData</Filter>
    </ClInclude>
    <ClInclude Include="src\MultiBuffAction.h">
      <Filter>Header Files\RegionFile\EntityData</Filter>
    </ClInclude>
    <ClInclude Include="src\MultiBuffPrefabAttachmentDescriptor.h">
      <Filter>Header Files\RegionFile\EntityData</Filter>
    </ClInclude>
    <ClInclude Include="src\MultiBuffVariable.h">
      <Filter>Header Files\RegionFile\EntityData</Filter>
    </ClInclude>
    <ClInclude Include="src\Recipe.h">
      <Filter>Header Files\RegionFile\EntityData</Filter>
    </ClInclude>
    <ClInclude Include="src\RecipeQueueItem.h">
      <Filter>Header Files\RegionFile\EntityData</Filter>
    </ClInclude>
    <ClInclude Include="src\Stat.h">
      <Filter>Header Files\RegionFile\EntityData</Filter>
    </ClInclude>
    <ClInclude Include="src\TileEntitySecure.h">
      <Filter>Header Files\RegionFile\EntityData\TileEntity\TileEntityLootContainer\TileEntitySecure</Filter>
    </ClInclude>
    <ClInclude Include="src\TileEntitySecureDoor.h">
      <Filter>Header Files\RegionFile\EntityData\TileEntity\TileEntityLootContainer\TileEntitySecure</Filter>
    </ClInclude>
    <ClInclude Include="src\TileEntitySecureLootContainer.h">
      <Filter>Header Files\RegionFile\EntityData\TileEntity\TileEntityLootContainer\TileEntitySecure</Filter>
    </ClInclude>
    <ClInclude Include="src\TileEntityLootContainer.h">
      <Filter>Header Files\RegionFile\EntityData\TileEntity\TileEntityLootContainer</Filter>
    </ClInclude>
    <ClInclude Include="src\TileEntityGoreBlock.h">
      <Filter>Header Files\RegionFile\EntityData\TileEntity\TileEntityLootContainer</Filter>
    </ClInclude>
    <ClInclude Include="src\TileEntityPowered.h">
      <Filter>Header Files\RegionFile\EntityData\TileEntity\TileEntityPowered</Filter>
    </ClInclude>
    <ClInclude Include="src\TileEntityPoweredBlock.h">
      <Filter>Header Files\RegionFile\EntityData\TileEntity\TileEntityPowered</Filter>
    </ClInclude>
    <ClInclude Include="src\TileEntityPoweredRangedTrap.h">
      <Filter>Header Files\RegionFile\EntityData\TileEntity\TileEntityPowered</Filter>
    </ClInclude>
    <ClInclude Include="src\TileEntityPoweredTrigger.h">
      <Filter>Header Files\RegionFile\EntityData\TileEntity\TileEntityPowered</Filter>
    </ClInclude>
    <ClInclude Include="src\TileEntityPowerSource.h">
      <Filter>Header Files\RegionFile\EntityData\TileEntity\TileEntityPowered</Filter>
    </ClInclude>
    <ClInclude Include="src\BinaryMemoryReader.h">
      <Filter>Header Files\RegionIO</Filter>
    </ClInclude>
    <ClInclude Include="src\BinaryMemoryWriter.h">
      <Filter>Header Files\RegionIO</Filter>
    </ClInclude>
    <ClInclude Include="src\MemoryLeakManager.h">
      <Filter>Header Files\RegionIO</Filter>
    </ClInclude>
    <ClInclude Include="src\VersionCheck.h">
      <Filter>Header Files\RegionIO</Filter>
    </ClInclude>
    <ClInclude Include="src\Utils.h">
      <Filter>Header Files</Filter>
    </ClInclude>
  </ItemGroup>
  <ItemGroup>
    <ClCompile Include="src\VersionCheck.cpp">
      <Filter>Source Files\RegionIO</Filter>
    </ClCompile>
    <ClCompile Include="src\MemoryLeakManager.cpp">
      <Filter>Source Files\RegionIO</Filter>
    </ClCompile>
    <ClCompile Include="src\BinaryMemoryWriter.cpp">
      <Filter>Source Files\RegionIO</Filter>
    </ClCompile>
    <ClCompile Include="src\BinaryMemoryReader.cpp">
      <Filter>Source Files\RegionIO</Filter>
    </ClCompile>
    <ClCompile Include="src\Utils.cpp">
      <Filter>Source Files</Filter>
    </ClCompile>
    <ClCompile Include="src\TileEntityPowered.cpp">
      <Filter>Source Files\RegionFile\EntityData\TileEntity\TileEntityPowered</Filter>
    </ClCompile>
    <ClCompile Include="src\TileEntityPoweredBlock.cpp">
      <Filter>Source Files\RegionFile\EntityData\TileEntity\TileEntityPowered</Filter>
    </ClCompile>
    <ClCompile Include="src\TileEntityPoweredRangedTrap.cpp">
      <Filter>Source Files\RegionFile\EntityData\TileEntity\TileEntityPowered</Filter>
    </ClCompile>
    <ClCompile Include="src\TileEntityPoweredTrigger.cpp">
      <Filter>Source Files\RegionFile\EntityData\TileEntity\TileEntityPowered</Filter>
    </ClCompile>
    <ClCompile Include="src\TileEntityPowerSource.cpp">
      <Filter>Source Files\RegionFile\EntityData\TileEntity\TileEntityPowered</Filter>
    </ClCompile>
    <ClCompile Include="src\TileEntitySecureLootContainer.cpp">
      <Filter>Source Files\RegionFile\EntityData\TileEntity\TileEntityLootContainer\TileEntitySecure</Filter>
    </ClCompile>
    <ClCompile Include="src\TileEntitySecure.cpp">
      <Filter>Source Files\RegionFile\EntityData\TileEntity\TileEntityLootContainer\TileEntitySecure</Filter>
    </ClCompile>
    <ClCompile Include="src\TileEntitySecureDoor.cpp">
      <Filter>Source Files\RegionFile\EntityData\TileEntity\TileEntityLootContainer\TileEntitySecure</Filter>
    </ClCompile>
    <ClCompile Include="src\TileEntityLootContainer.cpp">
      <Filter>Source Files\RegionFile\EntityData\TileEntity\TileEntityLootContainer</Filter>
    </ClCompile>
    <ClCompile Include="src\TileEntityGoreBlock.cpp">
      <Filter>Source Files\RegionFile\EntityData\TileEntity\TileEntityLootContainer</Filter>
    </ClCompile>
    <ClCompile Include="src\TraderData.cpp">
      <Filter>Source Files\RegionFile\EntityData\TileEntity</Filter>
    </ClCompile>
    <ClCompile Include="src\TileEntity.cpp">
      <Filter>Source Files\RegionFile\EntityData\TileEntity</Filter>
    </ClCompile>
    <ClCompile Include="src\TileEntityCampfire.cpp">
      <Filter>Source Files\RegionFile\EntityData\TileEntity</Filter>
    </ClCompile>
    <ClCompile Include="src\TileEntityForge.cpp">
      <Filter>Source Files\RegionFile\EntityData\TileEntity</Filter>
    </ClCompile>
    <ClCompile Include="src\TileEntitySign.cpp">
      <Filter>Source Files\RegionFile\EntityData\TileEntity</Filter>
    </ClCompile>
    <ClCompile Include="src\TileEntityTrader.cpp">
      <Filter>Source Files\RegionFile\EntityData\TileEntity</Filter>
    </ClCompile>
    <ClCompile Include="src\TileEntityVendingMachine.cpp">
      <Filter>Source Files\RegionFile\EntityData\TileEntity</Filter>
    </ClCompile>
    <ClCompile Include="src\TileEntityWorkstation.cpp">
      <Filter>Source Files\RegionFile\EntityData\TileEntity</Filter>
    </ClCompile>
    <ClCompile Include="src\StatModifierValueOT.cpp">
      <Filter>Source Files\RegionFile\EntityData\StatModifier</Filter>
    </ClCompile>
    <ClCompile Include="src\StatModifier.cpp">
      <Filter>Source Files\RegionFile\EntityData\StatModifier</Filter>
    </ClCompile>
    <ClCompile Include="src\StatModifierMax.cpp">
      <Filter>Source Files\RegionFile\EntityData\StatModifier</Filter>
    </ClCompile>
    <ClCompile Include="src\StatModifierModifyValue.cpp">
      <Filter>Source Files\RegionFile\EntityData\StatModifier</Filter>
    </ClCompile>
    <ClCompile Include="src\StatModifierMulValue.cpp">
      <Filter>Source Files\RegionFile\EntityData\StatModifier</Filter>
    </ClCompile>
    <ClCompile Include="src\StatModifierSetValue.cpp">
      <Filter>Source Files\RegionFile\EntityData\StatModifier</Filter>
    </ClCompile>
    <ClCompile Include="src\BuffTimerScheduled.cpp">
      <Filter>Source Files\RegionFile\EntityData\BuffTimer</Filter>
    </ClCompile>
    <ClCompile Include="src\BuffTimer.cpp">
      <Filter>Source Files\RegionFile\EntityData\BuffTimer</Filter>
    </ClCompile>
    <ClCompile Include="src\BuffTimerDuration.cpp">
      <Filter>Source Files\RegionFile\EntityData\BuffTimer</Filter>
    </ClCompile>
    <ClCompile Include="src\BuffTimerNull.cpp">
      <Filter>Source Files\RegionFile\EntityData\BuffTimer</Filter>
    </ClCompile>
    <ClCompile Include="src\BuffModifierSetTickRate.cpp">
      <Filter>Source Files\RegionFile\EntityData\BuffModifier</Filter>
    </ClCompile>
    <ClCompile Include="src\BuffModifier.cpp">
      <Filter>Source Files\RegionFile\EntityData\BuffModifier</Filter>
    </ClCompile>
    <ClCompile Include="src\Buff.cpp">
      <Filter>Source Files\RegionFile\EntityData\Buff</Filter>
    </ClCompile>
    <ClCompile Include="src\MultiBuff.cpp">
      <Filter>Source Files\RegionFile\EntityData\Buff</Filter>
    </ClCompile>
    <ClCompile Include="src\Chunk.cpp">
      <Filter>Source Files\RegionFile</Filter>
    </ClCompile>
    <ClCompile Include="src\ChunkBlockLayer.cpp">
      <Filter>Source Files\RegionFile</Filter>
    </ClCompile>
    <ClCompile Include="src\ChunkCustomData.cpp">
      <Filter>Source Files\RegionFile</Filter>
    </ClCompile>
    <ClCompile Include="src\RegionFile.cpp">
      <Filter>Source Files\RegionFile</Filter>
    </ClCompile>
    <ClCompile Include="src\BodyDamage.cpp">
      <Filter>Source Files\RegionFile\EntityData</Filter>
    </ClCompile>
    <ClCompile Include="src\BuffDescriptor.cpp">
      <Filter>Source Files\RegionFile\EntityData</Filter>
    </ClCompile>
    <ClCompile Include="src\EntityCreationData.cpp">
      <Filter>Source Files\RegionFile\EntityData</Filter>
    </ClCompile>
    <ClCompile Include="src\EntitySpawner.cpp">
      <Filter>Source Files\RegionFile\EntityData</Filter>
    </ClCompile>
    <ClCompile Include="src\EntityStats.cpp">
      <Filter>Source Files\RegionFile\EntityData</Filter>
    </ClCompile>
    <ClCompile Include="src\ItemStack.cpp">
      <Filter>Source Files\RegionFile\EntityData</Filter>
    </ClCompile>
    <ClCompile Include="src\ItemValue.cpp">
      <Filter>Source Files\RegionFile\EntityData</Filter>
    </ClCompile>
    <ClCompile Include="src\MultiBuffAction.cpp">
      <Filter>Source Files\RegionFile\EntityData</Filter>
    </ClCompile>
    <ClCompile Include="src\MultiBuffPrefabAttachmentDescriptor.cpp">
      <Filter>Source Files\RegionFile\EntityData</Filter>
    </ClCompile>
    <ClCompile Include="src\MultiBuffVariable.cpp">
      <Filter>Source Files\RegionFile\EntityData</Filter>
    </ClCompile>
    <ClCompile Include="src\Recipe.cpp">
      <Filter>Source Files\RegionFile\EntityData</Filter>
    </ClCompile>
    <ClCompile Include="src\RecipeQueueItem.cpp">
      <Filter>Source Files\RegionFile\EntityData</Filter>
    </ClCompile>
    <ClCompile Include="src\Stat.cpp">
      <Filter>Source Files\RegionFile\EntityData</Filter>
    </ClCompile>
  </ItemGroup>
</Project>